{
    "_readme": [
        "This file locks the dependencies of your project to a known state",
        "Read more about it at https://getcomposer.org/doc/01-basic-usage.md#installing-dependencies",
        "This file is @generated automatically"
    ],
    "content-hash": "2b5c70a8bc9236a213c0f549855bec4f",
    "packages": [
        {
            "name": "jjonline/aliyun-dysms-php-sdk",
            "version": "v2.0",
            "source": {
                "type": "git",
                "url": "https://github.com/jjonline/aliyun-dysms-php-sdk.git",
                "reference": "4155e585dd1c5668fce1afbbd8ac66c9de48cda8"
            },
            "dist": {
                "type": "zip",
                "url": "https://api.github.com/repos/jjonline/aliyun-dysms-php-sdk/zipball/4155e585dd1c5668fce1afbbd8ac66c9de48cda8",
                "reference": "4155e585dd1c5668fce1afbbd8ac66c9de48cda8",
                "shasum": "",
                "mirrors": [
                    {
                        "url": "https://mirrors.aliyun.com/composer/dists/%package%/%reference%.%type%",
                        "preferred": true
                    }
                ]
            },
            "require": {
                "php": ">=5.5.0"
            },
            "require-dev": {
                "phpunit/phpunit": "~4.0"
            },
            "type": "library",
            "autoload": {
                "psr-4": {
                    "Aliyun\\": "lib/",
                    "Aliyun\\Test\\": "tests/"
                }
            },
            "notification-url": "https://packagist.org/downloads/",
            "license": [
                "Apache-2.0"
            ],
            "authors": [
                {
                    "name": "Aliyuncs",
                    "homepage": "https://www.aliyun.com"
                }
            ],
            "description": "Aliyun SMS SDK for PHP",
            "homepage": "https://www.aliyun.com/product/sms",
            "keywords": [
                "aliyun",
                "sdk",
                "sms"
            ],
            "support": {
                "issues": "https://github.com/jjonline/aliyun-dysms-php-sdk/issues",
                "source": "https://github.com/jjonline/aliyun-dysms-php-sdk/tree/v2.0"
            },
            "time": "2017-08-11T16:26:47+00:00"
        }
    ],
    "packages-dev": [],
    "aliases": [],
    "minimum-stability": "stable",
    "stability-flags": [],
    "prefer-stable": false,
    "prefer-lowest": false,
    "platform": [],
    "platform-dev": [],
    "plugin-api-version": "2.0.0"
}
